%{
  "bunt": {:hex, :bunt, "1.0.0", "081c2c665f086849e6d57900292b3a161727ab40431219529f13c4ddcf3e7a44", [:mix], [], "hexpm", "dc5f86aa08a5f6fa6b8096f0735c4e76d54ae5c9fa2c143e5a1fc7c1cd9bb6b5"},
  "credo": {:hex, :credo, "1.7.7", "771445037228f763f9b2afd612b6aa2fd8e28432a95dbbc60d8e03ce71ba4446", [:mix], [{:bunt, "~> 0.2.1 or ~> 1.0", [hex: :bunt, repo: "hexpm", optional: false]}, {:file_system, "~> 0.2 or ~> 1.0", [hex: :file_system, repo: "hexpm", optional: false]}, {:jason, "~> 1.0", [hex: :jason, repo: "hexpm", optional: false]}], "hexpm", "8bc87496c9aaacdc3f90f01b7b0582467b69b4bd2441fe8aae3109d843cc2f2e"},
  "dialyxir": {:hex, :dialyxir, "1.4.3", "edd0124f358f0b9e95bfe53a9fcf806d615d8f838e2202a9f430d59566b6b53b", [:mix], [{:erlex, ">= 0.2.6", [hex: :erlex, repo: "hexpm", optional: false]}], "hexpm", "bf2cfb75cd5c5006bec30141b131663299c661a864ec7fbbc72dfa557487a986"},
  "doctest_formatter": {:hex, :doctest_formatter, "0.3.0", "19da9fd0d9d1e895f86d7508f1962d8a16393277f73aba1066dddb3d2adcdfc8", [:mix], [], "hexpm", "485f4dab4fc65ecf18aa342d285b393db16814d828caa671c42f9f781b68cf5a"},
  "earmark_parser": {:hex, :earmark_parser, "1.4.39", "424642f8335b05bb9eb611aa1564c148a8ee35c9c8a8bba6e129d51a3e3c6769", [:mix], [], "hexpm", "06553a88d1f1846da9ef066b87b57c6f605552cfbe40d20bd8d59cc6bde41944"},
  "enfiladex": {:hex, :enfiladex, "0.3.1", "096b6b6f1eaaea36a1b0f3c75057db53db3b900e12d8620c66ccae2987e5c2db", [:mix], [], "hexpm", "75fb006d1d196dd1b95306fd64c11c72755201e97008e9051753fe0470af5180"},
  "erlex": {:hex, :erlex, "0.2.6", "c7987d15e899c7a2f34f5420d2a2ea0d659682c06ac607572df55a43753aa12e", [:mix], [], "hexpm", "2ed2e25711feb44d52b17d2780eabf998452f6efda104877a3881c2f8c0c0c75"},
  "estructura": {:hex, :estructura, "1.5.0", "2085633756e42b4e5c997f4bbf93d458c2a446c5ebf933ccb237bb84857def3a", [:mix], [{:doctest_formatter, "~> 0.2", [hex: :doctest_formatter, repo: "hexpm", optional: false]}, {:jason, "~> 1.0", [hex: :jason, repo: "hexpm", optional: true]}, {:stream_data, "~> 1.0", [hex: :stream_data, repo: "hexpm", optional: false]}], "hexpm", "ae5d0465e2ad171418cd6b4709d7af16d8fea5f469f115ab9d6f27326acd24f5"},
  "ex_doc": {:hex, :ex_doc, "0.34.0", "ab95e0775db3df71d30cf8d78728dd9261c355c81382bcd4cefdc74610bef13e", [:mix], [{:earmark_parser, "~> 1.4.39", [hex: :earmark_parser, repo: "hexpm", optional: false]}, {:makeup_c, ">= 0.1.0", [hex: :makeup_c, repo: "hexpm", optional: true]}, {:makeup_elixir, "~> 0.14 or ~> 1.0", [hex: :makeup_elixir, repo: "hexpm", optional: false]}, {:makeup_erlang, "~> 0.1 or ~> 1.0", [hex: :makeup_erlang, repo: "hexpm", optional: false]}, {:makeup_html, ">= 0.1.0", [hex: :makeup_html, repo: "hexpm", optional: true]}], "hexpm", "60734fb4c1353f270c3286df4a0d51e65a2c1d9fba66af3940847cc65a8066d7"},
  "file_system": {:hex, :file_system, "1.0.0", "b689cc7dcee665f774de94b5a832e578bd7963c8e637ef940cd44327db7de2cd", [:mix], [], "hexpm", "6752092d66aec5a10e662aefeed8ddb9531d79db0bc145bb8c40325ca1d8536d"},
  "gen_stage": {:hex, :gen_stage, "1.2.1", "19d8b5e9a5996d813b8245338a28246307fd8b9c99d1237de199d21efc4c76a1", [:mix], [], "hexpm", "83e8be657fa05b992ffa6ac1e3af6d57aa50aace8f691fcf696ff02f8335b001"},
  "jason": {:hex, :jason, "1.4.1", "af1504e35f629ddcdd6addb3513c3853991f694921b1b9368b0bd32beb9f1b63", [:mix], [{:decimal, "~> 1.0 or ~> 2.0", [hex: :decimal, repo: "hexpm", optional: true]}], "hexpm", "fbb01ecdfd565b56261302f7e1fcc27c4fb8f32d56eab74db621fc154604a7a1"},
  "makeup": {:hex, :makeup, "1.1.2", "9ba8837913bdf757787e71c1581c21f9d2455f4dd04cfca785c70bbfff1a76a3", [:mix], [{:nimble_parsec, "~> 1.2.2 or ~> 1.3", [hex: :nimble_parsec, repo: "hexpm", optional: false]}], "hexpm", "cce1566b81fbcbd21eca8ffe808f33b221f9eee2cbc7a1706fc3da9ff18e6cac"},
  "makeup_elixir": {:hex, :makeup_elixir, "0.16.2", "627e84b8e8bf22e60a2579dad15067c755531fea049ae26ef1020cad58fe9578", [:mix], [{:makeup, "~> 1.0", [hex: :makeup, repo: "hexpm", optional: false]}, {:nimble_parsec, "~> 1.2.3 or ~> 1.3", [hex: :nimble_parsec, repo: "hexpm", optional: false]}], "hexpm", "41193978704763f6bbe6cc2758b84909e62984c7752b3784bd3c218bb341706b"},
  "makeup_erlang": {:hex, :makeup_erlang, "1.0.0", "6f0eff9c9c489f26b69b61440bf1b238d95badae49adac77973cbacae87e3c2e", [:mix], [{:makeup, "~> 1.0", [hex: :makeup, repo: "hexpm", optional: false]}], "hexpm", "ea7a9307de9d1548d2a72d299058d1fd2339e3d398560a0e46c27dab4891e4d2"},
  "mox": {:hex, :mox, "1.1.0", "0f5e399649ce9ab7602f72e718305c0f9cdc351190f72844599545e4996af73c", [:mix], [], "hexpm", "d44474c50be02d5b72131070281a5d3895c0e7a95c780e90bc0cfe712f633a13"},
  "nimble_options": {:hex, :nimble_options, "1.1.1", "e3a492d54d85fc3fd7c5baf411d9d2852922f66e69476317787a7b2bb000a61b", [:mix], [], "hexpm", "821b2470ca9442c4b6984882fe9bb0389371b8ddec4d45a9504f00a66f650b44"},
  "nimble_parsec": {:hex, :nimble_parsec, "1.4.0", "51f9b613ea62cfa97b25ccc2c1b4216e81df970acd8e16e8d1bdc58fef21370d", [:mix], [], "hexpm", "9c565862810fb383e9838c1dd2d7d2c437b3d13b267414ba6af33e50d2d1cf28"},
  "observer_cli": {:hex, :observer_cli, "1.7.4", "3c1bfb6d91bf68f6a3d15f46ae20da0f7740d363ee5bc041191ce8722a6c4fae", [:mix, :rebar3], [{:recon, "~> 2.5.1", [hex: :recon, repo: "hexpm", optional: false]}], "hexpm", "50de6d95d814f447458bd5d72666a74624eddb0ef98bdcee61a0153aae0865ff"},
  "recon": {:hex, :recon, "2.5.5", "c108a4c406fa301a529151a3bb53158cadc4064ec0c5f99b03ddb8c0e4281bdf", [:mix, :rebar3], [], "hexpm", "632a6f447df7ccc1a4a10bdcfce71514412b16660fe59deca0fcf0aa3c054404"},
  "stream_data": {:hex, :stream_data, "1.1.1", "fd515ca95619cca83ba08b20f5e814aaf1e5ebff114659dc9731f966c9226246", [:mix], [], "hexpm", "45d0cd46bd06738463fd53f22b70042dbb58c384bb99ef4e7576e7bb7d3b8c8c"},
}
